<?xml version="1.0" encoding="utf-8"?>
<Project ToolsVersion="4.0" xmlns="http://schemas.microsoft.com/developer/msbuild/2003">
  <ItemGroup>
    <Filter Include="Source Files">
      <UniqueIdentifier>{4FC737F1-C7A5-4376-A066-2A32D752A2FF}</UniqueIdentifier>
      <Extensions>cpp;c;cc;cxx;def;odl;idl;hpj;bat;asm;asmx</Extensions>
    </Filter>
    <Filter Include="Header Files">
      <UniqueIdentifier>{93995380-89BD-4b04-88EB-625FBE52EBFB}</UniqueIdentifier>
      <Extensions>h;hh;hpp;hxx;hm;inl;inc;ipp;xsd</Extensions>
    </Filter>
    <Filter Include="Resource Files">
      <UniqueIdentifier>{67DA6AB6-F800-4c08-8B7A-83BB121AAD01}</UniqueIdentifier>
      <Extensions>rc;ico;cur;bmp;dlg;rc2;rct;bin;rgs;gif;jpg;jpeg;jpe;resx;tiff;tif;png;wav;mfcribbon-ms</Extensions>
    </Filter>
  </ItemGroup>
  <ItemGroup>
    <ClCompile Include="main.cpp">
      <Filter>Source Files</Filter>
    </ClCompile>
    <ClCompile Include="SceneRenderer.cpp">
      <Filter>Source Files</Filter>
    </ClCompile>
    <ClCompile Include="CMainApplication.cpp">
      <Filter>Source Files</Filter>
    </ClCompile>
    <ClCompile Include="VrInkManager.cpp">
      <Filter>Source Files</Filter>
    </ClCompile>
    <ClCompile Include="ControllerManager.cpp">
      <Filter>Source Files</Filter>
    </ClCompile>
    <ClCompile Include="CGLRenderModel.cpp">
      <Filter>Source Files</Filter>
    </ClCompile>
    <ClCompile Include="ViveControllerManager.cpp">
      <Filter>Source Files</Filter>
    </ClCompile>
    <ClCompile Include="dependencies\shared\Matrices.cpp">
      <Filter>Source Files</Filter>
    </ClCompile>
    <ClCompile Include="dependencies\shared\strtools.cpp">
      <Filter>Source Files</Filter>
    </ClCompile>
    <ClCompile Include="dependencies\shared\pathtools.cpp">
      <Filter>Source Files</Filter>
    </ClCompile>
    <ClCompile Include="VrInkManagerApi.cpp">
      <Filter>Source Files</Filter>
    </ClCompile>
    <ClCompile Include="FilledCircle.cpp">
      <Filter>Source Files</Filter>
    </ClCompile>
    <ClCompile Include="HollowCircle.cpp">
      <Filter>Source Files</Filter>
    </ClCompile>
  </ItemGroup>
  <ItemGroup>
    <ClInclude Include="SceneRenderer.h">
      <Filter>Header Files</Filter>
    </ClInclude>
    <ClInclude Include="CMainApplication.h">
      <Filter>Header Files</Filter>
    </ClInclude>
    <ClInclude Include="LogiOGlTools.h">
      <Filter>Header Files</Filter>
    </ClInclude>
    <ClInclude Include="VrInkManager.h">
      <Filter>Header Files</Filter>
    </ClInclude>
    <ClInclude Include="ControllerManager.h">
      <Filter>Header Files</Filter>
    </ClInclude>
    <ClInclude Include="CGLRenderModel.h">
      <Filter>Header Files</Filter>
    </ClInclude>
    <ClInclude Include="ViveControllerManager.h">
      <Filter>Header Files</Filter>
    </ClInclude>
    <ClInclude Include="dependencies\shared\Matrices.h">
      <Filter>Header Files</Filter>
    </ClInclude>
    <ClInclude Include="dependencies\shared\pathtools.h">
      <Filter>Header Files</Filter>
    </ClInclude>
    <ClInclude Include="dependencies\shared\Vectors.h">
      <Filter>Header Files</Filter>
    </ClInclude>
    <ClInclude Include="dependencies\shared\strtools.h">
      <Filter>Header Files</Filter>
    </ClInclude>
    <ClInclude Include="VrInkManagerApi.h">
      <Filter>Header Files</Filter>
    </ClInclude>
    <ClInclude Include="FilledCircle.h">
      <Filter>Header Files</Filter>
    </ClInclude>
    <ClInclude Include="HollowCircle.h">
      <Filter>Header Files</Filter>
    </ClInclude>
  </ItemGroup>
</Project>